// !$*UTF8*$!
{
	archiveVersion = 1;
	classes = {
	};
	objectVersion = 46;
	objects = {

/* Begin PBXBuildFile section */
		FCF7B2C8152E19FF008B4E4C /* main.c in Sources */ = {isa = PBXBuildFile; fileRef = FCF7B2C7152E19FF008B4E4C /* main.c */; };
		FCF7B2CA152E19FF008B4E4C /* to_pi.1 in CopyFiles */ = {isa = PBXBuildFile; fileRef = FCF7B2C9152E19FF008B4E4C /* to_pi.1 */; };
/* End PBXBuildFile section */

/* Begin PBXCopyFilesBuildPhase section */
		FCF7B2C1152E19FF008B4E4C /* CopyFiles */ = {
			isa = PBXCopyFilesBuildPhase;
			buildActionMask = 2147483647;
			dstPath = /usr/share/man/man1/;
			dstSubfolderSpec = 0;
			files = (
				FCF7B2CA152E19FF008B4E4C /* to_pi.1 in CopyFiles */,
			);
			runOnlyForDeploymentPostprocessing = 1;
		};
/* End PBXCopyFilesBuildPhase section */

/* Begin PBXFileReference section */
		FCF7B2C3152E19FF008B4E4C /* to pi */ = {isa = PBXFileReference; explicitFileType = "compiled.mach-o.executable"; includeInIndex = 0; path = "to pi"; sourceTree = BUILT_PRODUCTS_DIR; };
		FCF7B2C7152E19FF008B4E4C /* main.c */ = {isa = PBXFileReference; lastKnownFileType = sourcecode.c.c; path = main.c; sourceTree = "<group>"; };
		FCF7B2C9152E19FF008B4E4C /* to_pi.1 */ = {isa = PBXFileReference; lastKnownFileType = text.man; path = to_pi.1; sourceTree = "<group>"; };
/* End PBXFileReference section */

/* Begin PBXFrameworksBuildPhase section */
		FCF7B2C0152E19FF008B4E4C /* Frameworks */ = {
			isa = PBXFrameworksBuildPhase;
			buildActionMask = 2147483647;
			files = (
			);
			runOnlyForDeploymentPostprocessing = 0;
		};
/* End PBXFrameworksBuildPhase section */

/* Begin PBXGroup section */
		FCF7B2B8152E19FF008B4E4C = {
			isa = PBXGroup;
			children = (
				FCF7B2C6152E19FF008B4E4C /* to pi */,
				FCF7B2C4152E19FF008B4E4C /* Products */,
			);
			sourceTree = "<group>";
		};
		FCF7B2C4152E19FF008B4E4C /* Products */ = {
			isa = PBXGroup;
			children = (
				FCF7B2C3152E19FF008B4E4C /* to pi */,
			);
			name = Products;
			sourceTree = "<group>";
		};
		FCF7B2C6152E19FF008B4E4C /* to pi */ = {
			isa = PBXGroup;
			children = (
				FCF7B2C7152E19FF008B4E4C /* main.c */,
				FCF7B2C9152E19FF008B4E4C /* to_pi.1 */,
			);
			path = "to pi";
			sourceTree = "<group>";
		};
/* End PBXGroup section */

/* Begin PBXNativeTarget section */
		FCF7B2C2152E19FF008B4E4C /* to pi */ = {
			isa = PBXNativeTarget;
			buildConfigurationList = FCF7B2CD152E19FF008B4E4C /* Build configuration list for PBXNativeTarget "to pi" */;
			buildPhases = (
				FCF7B2BF152E19FF008B4E4C /* Sources */,
				FCF7B2C0152E19FF008B4E4C /* Frameworks */,
				FCF7B2C1152E19FF008B4E4C /* CopyFiles */,
			);
			buildRules = (
			);
			dependencies = (
			);
			name = "to pi";
			productName = "to pi";
			productReference = FCF7B2C3152E19FF008B4E4C /* to pi */;
			productType = "com.apple.product-type.tool";
		};
/* End PBXNativeTarget section */

/* Begin PBXProject section */
		FCF7B2BA152E19FF008B4E4C /* Project object */ = {
			isa = PBXProject;
			attributes = {
				LastUpgradeCheck = 0430;
			};
			buildConfigurationList = FCF7B2BD152E19FF008B4E4C /* Build configuration list for PBXProject "to pi" */;
			compatibilityVersion = "Xcode 3.2";
			developmentRegion = English;
			hasScannedForEncodings = 0;
			knownRegions = (
				en,
			);
			mainGroup = FCF7B2B8152E19FF008B4E4C;
			productRefGroup = FCF7B2C4152E19FF008B4E4C /* Products */;
			projectDirPath = "";
			projectRoot = "";
			targets = (
				FCF7B2C2152E19FF008B4E4C /* to pi */,
			);
		};
/* End PBXProject section */

/* Begin PBXSourcesBuildPhase section */
		FCF7B2BF152E19FF008B4E4C /* Sources */ = {
			isa = PBXSourcesBuildPhase;
			buildActionMask = 2147483647;
			files = (
				FCF7B2C8152E19FF008B4E4C /* main.c in Sources */,
			);
			runOnlyForDeploymentPostprocessing = 0;
		};
/* End PBXSourcesBuildPhase section */

/* Begin XCBuildConfiguration section */
		FCF7B2CB152E19FF008B4E4C /* Debug */ = {
			isa = XCBuildConfiguration;
			buildSettings = {
				ALWAYS_SEARCH_USER_PATHS = NO;
				ARCHS = "$(ARCHS_STANDARD_64_BIT)";
				CLANG_ENABLE_OBJC_ARC = YES;
				COPY_PHASE_STRIP = NO;
				GCC_C_LANGUAGE_STANDARD = gnu99;
				GCC_DYNAMIC_NO_PIC = NO;
				GCC_ENABLE_OBJC_EXCEPTIONS = YES;
				GCC_OPTIMIZATION_LEVEL = 0;
				GCC_PREPROCESSOR_DEFINITIONS = (
					"DEBUG=1",
					"$(inherited)",
				);
				GCC_SYMBOLS_PRIVATE_EXTERN = NO;
				GCC_VERSION = com.apple.compilers.llvm.clang.1_0;
				GCC_WARN_64_TO_32_BIT_CONVERSION = YES;
				GCC_WARN_ABOUT_RETURN_TYPE = YES;
				GCC_WARN_UNINITIALIZED_AUTOS = YES;
				GCC_WARN_UNUSED_VARIABLE = YES;
				MACOSX_DEPLOYMENT_TARGET = 10.7;
				ONLY_ACTIVE_ARCH = YES;
				SDKROOT = macosx;
			};
			name = Debug;
		};
		FCF7B2CC152E19FF008B4E4C /* Release */ = {
			isa = XCBuildConfiguration;
			buildSettings = {
				ALWAYS_SEARCH_USER_PATHS = NO;
				ARCHS = "$(ARCHS_STANDARD_64_BIT)";
				CLANG_ENABLE_OBJC_ARC = YES;
				COPY_PHASE_STRIP = YES;
				DEBUG_INFORMATION_FORMAT = "dwarf-with-dsym";
				GCC_C_LANGUAGE_STANDARD = gnu99;
				GCC_ENABLE_OBJC_EXCEPTIONS = YES;
				GCC_VERSION = com.apple.compilers.llvm.clang.1_0;
				GCC_WARN_64_TO_32_BIT_CONVERSION = YES;
				GCC_WARN_ABOUT_RETURN_TYPE = YES;
				GCC_WARN_UNINITIALIZED_AUTOS = YES;
				GCC_WARN_UNUSED_VARIABLE = YES;
				MACOSX_DEPLOYMENT_TARGET = 10.7;
				SDKROOT = macosx;
			};
			name = Release;
		};
		FCF7B2CE152E19FF008B4E4C /* Debug */ = {
			isa = XCBuildConfiguration;
			buildSettings = {
				PRODUCT_NAME = "$(TARGET_NAME)";
			};
			name = Debug;
		};
		FCF7B2CF152E19FF008B4E4C /* Release */ = {
			isa = XCBuildConfiguration;
			buildSettings = {
				PRODUCT_NAME = "$(TARGET_NAME)";
			};
			name = Release;
		};
/* End XCBuildConfiguration section */

/* Begin XCConfigurationList section */
		FCF7B2BD152E19FF008B4E4C /* Build configuration list for PBXProject "to pi" */ = {
			isa = XCConfigurationList;
			buildConfigurations = (
				FCF7B2CB152E19FF008B4E4C /* Debug */,
				FCF7B2CC152E19FF008B4E4C /* Release */,
			);
			defaultConfigurationIsVisible = 0;
			defaultConfigurationName = Release;
		};
		FCF7B2CD152E19FF008B4E4C /* Build configuration list for PBXNativeTarget "to pi" */ = {
			isa = XCConfigurationList;
			buildConfigurations = (
				FCF7B2CE152E19FF008B4E4C /* Debug */,
				FCF7B2CF152E19FF008B4E4C /* Release */,
			);
			defaultConfigurationIsVisible = 0;
		};
/* End XCConfigurationList section */
	};
	rootObject = FCF7B2BA152E19FF008B4E4C /* Project object */;
}
